
Microsoft Visual Studio Solution File, Format Version 12.00
# Visual Studio Version 16
VisualStudioVersion = 16.0.32929.386
MinimumVisualStudioVersion = 10.0.40219.1
Project("{FAE04EC0-301F-11D3-BF4B-00C04F79EFBC}") = "Store.Domain", "Store\Store.Domain.csproj", "{83C2D35C-08C6-4C74-B43C-8C1B5133B255}"
EndProject
Project("{FAE04EC0-301F-11D3-BF4B-00C04F79EFBC}") = "Store.Infrastructure", "Store.Infrastructure\Store.Infrastructure.csproj", "{CDE6272E-5E55-4022-BFBB-C38B7558EC18}"
EndProject
Project("{FAE04EC0-301F-11D3-BF4B-00C04F79EFBC}") = "Store.Web", "Store.Web\Store.Web.csproj", "{2D79942B-D255-4DC3-8F8B-A1CF5CC57071}"
EndProject
Global
	GlobalSection(SolutionConfigurationPlatforms) = preSolution
		Debug|Any CPU = Debug|Any CPU
		Release|Any CPU = Release|Any CPU
	EndGlobalSection
	GlobalSection(ProjectConfigurationPlatforms) = postSolution
		{83C2D35C-08C6-4C74-B43C-8C1B5133B255}.Debug|Any CPU.ActiveCfg = Debug|Any CPU
		{83C2D35C-08C6-4C74-B43C-8C1B5133B255}.Debug|Any CPU.Build.0 = Debug|Any CPU
		{83C2D35C-08C6-4C74-B43C-8C1B5133B255}.Release|Any CPU.ActiveCfg = Release|Any CPU
		{83C2D35C-08C6-4C74-B43C-8C1B5133B255}.Release|Any CPU.Build.0 = Release|Any CPU
		{CDE6272E-5E55-4022-BFBB-C38B7558EC18}.Debug|Any CPU.ActiveCfg = Debug|Any CPU
		{CDE6272E-5E55-4022-BFBB-C38B7558EC18}.Debug|Any CPU.Build.0 = Debug|Any CPU
		{CDE6272E-5E55-4022-BFBB-C38B7558EC18}.Release|Any CPU.ActiveCfg = Release|Any CPU
		{CDE6272E-5E55-4022-BFBB-C38B7558EC18}.Release|Any CPU.Build.0 = Release|Any CPU
		{2D79942B-D255-4DC3-8F8B-A1CF5CC57071}.Debug|Any CPU.ActiveCfg = Debug|Any CPU
		{2D79942B-D255-4DC3-8F8B-A1CF5CC57071}.Debug|Any CPU.Build.0 = Debug|Any CPU
		{2D79942B-D255-4DC3-8F8B-A1CF5CC57071}.Release|Any CPU.ActiveCfg = Release|Any CPU
		{2D79942B-D255-4DC3-8F8B-A1CF5CC57071}.Release|Any CPU.Build.0 = Release|Any CPU
	EndGlobalSection
	GlobalSection(SolutionProperties) = preSolution
		HideSolutionNode = FALSE
	EndGlobalSection
	GlobalSection(ExtensibilityGlobals) = postSolution
		SolutionGuid = {BDF64711-32CE-485E-A86D-A0CC58269702}
	EndGlobalSection
EndGlobal
